// !$*UTF8*$!
{
	archiveVersion = 1;
	classes = {
	};
	objectVersion = 55;
	objects = {

/* Begin PBXBuildFile section */
		BD1FA9F02CC032B0005BE437 /* AppDelegate.swift in Sources */ = {isa = PBXBuildFile; fileRef = BD1FA9EF2CC032B0005BE437 /* AppDelegate.swift */; };
		BD1FA9F22CC032B0005BE437 /* SceneDelegate.swift in Sources */ = {isa = PBXBuildFile; fileRef = BD1FA9F12CC032B0005BE437 /* SceneDelegate.swift */; };
		BD1FA9F42CC032B0005BE437 /* iniciarSesionViewController.swift in Sources */ = {isa = PBXBuildFile; fileRef = BD1FA9F32CC032B0005BE437 /* iniciarSesionViewController.swift */; };
		BD1FA9F72CC032B0005BE437 /* Main.storyboard in Resources */ = {isa = PBXBuildFile; fileRef = BD1FA9F52CC032B0005BE437 /* Main.storyboard */; };
		BD1FA9F92CC032B2005BE437 /* Assets.xcassets in Resources */ = {isa = PBXBuildFile; fileRef = BD1FA9F82CC032B2005BE437 /* Assets.xcassets */; };
		BD1FA9FC2CC032B2005BE437 /* LaunchScreen.storyboard in Resources */ = {isa = PBXBuildFile; fileRef = BD1FA9FA2CC032B2005BE437 /* LaunchScreen.storyboard */; };
		BD1FAA042CC0361C005BE437 /* GoogleService-Info.plist in Resources */ = {isa = PBXBuildFile; fileRef = BD1FAA032CC0361C005BE437 /* GoogleService-Info.plist */; };
		BD1FAA072CC03A56005BE437 /* FirebaseAnalytics in Frameworks */ = {isa = PBXBuildFile; productRef = BD1FAA062CC03A56005BE437 /* FirebaseAnalytics */; };
		BD1FAA092CC03A56005BE437 /* FirebaseAnalyticsOnDeviceConversion in Frameworks */ = {isa = PBXBuildFile; productRef = BD1FAA082CC03A56005BE437 /* FirebaseAnalyticsOnDeviceConversion */; };
		BD1FAA0B2CC03A56005BE437 /* FirebaseAnalyticsSwift in Frameworks */ = {isa = PBXBuildFile; productRef = BD1FAA0A2CC03A56005BE437 /* FirebaseAnalyticsSwift */; };
		BD1FAA0D2CC03A56005BE437 /* FirebaseAnalyticsWithoutAdIdSupport in Frameworks */ = {isa = PBXBuildFile; productRef = BD1FAA0C2CC03A56005BE437 /* FirebaseAnalyticsWithoutAdIdSupport */; };
		BD1FAA0F2CC03A56005BE437 /* FirebaseAppCheck in Frameworks */ = {isa = PBXBuildFile; productRef = BD1FAA0E2CC03A56005BE437 /* FirebaseAppCheck */; };
		BD1FAA112CC03A56005BE437 /* FirebaseAppDistribution-Beta in Frameworks */ = {isa = PBXBuildFile; productRef = BD1FAA102CC03A56005BE437 /* FirebaseAppDistribution-Beta */; };
		BD1FAA132CC03A56005BE437 /* FirebaseAuth in Frameworks */ = {isa = PBXBuildFile; productRef = BD1FAA122CC03A56005BE437 /* FirebaseAuth */; };
		BD1FAA152CC03A56005BE437 /* FirebaseAuthCombine-Community in Frameworks */ = {isa = PBXBuildFile; productRef = BD1FAA142CC03A56005BE437 /* FirebaseAuthCombine-Community */; };
		BD1FAA172CC03A56005BE437 /* FirebaseCrashlytics in Frameworks */ = {isa = PBXBuildFile; productRef = BD1FAA162CC03A56005BE437 /* FirebaseCrashlytics */; };
		BD1FAA192CC03A56005BE437 /* FirebaseDatabase in Frameworks */ = {isa = PBXBuildFile; productRef = BD1FAA182CC03A56005BE437 /* FirebaseDatabase */; };
		BD1FAA1B2CC03A56005BE437 /* FirebaseDatabaseSwift in Frameworks */ = {isa = PBXBuildFile; productRef = BD1FAA1A2CC03A56005BE437 /* FirebaseDatabaseSwift */; };
		BD1FAA1D2CC03A56005BE437 /* FirebaseDynamicLinks in Frameworks */ = {isa = PBXBuildFile; productRef = BD1FAA1C2CC03A56005BE437 /* FirebaseDynamicLinks */; };
		BD1FAA1F2CC03A56005BE437 /* FirebaseFirestore in Frameworks */ = {isa = PBXBuildFile; productRef = BD1FAA1E2CC03A56005BE437 /* FirebaseFirestore */; };
		BD1FAA212CC03A56005BE437 /* FirebaseFirestoreCombine-Community in Frameworks */ = {isa = PBXBuildFile; productRef = BD1FAA202CC03A56005BE437 /* FirebaseFirestoreCombine-Community */; };
		BD1FAA232CC03A56005BE437 /* FirebaseFirestoreSwift in Frameworks */ = {isa = PBXBuildFile; productRef = BD1FAA222CC03A56005BE437 /* FirebaseFirestoreSwift */; };
		BD1FAA252CC03A56005BE437 /* FirebaseFunctions in Frameworks */ = {isa = PBXBuildFile; productRef = BD1FAA242CC03A56005BE437 /* FirebaseFunctions */; };
		BD1FAA272CC03A56005BE437 /* FirebaseFunctionsCombine-Community in Frameworks */ = {isa = PBXBuildFile; productRef = BD1FAA262CC03A56005BE437 /* FirebaseFunctionsCombine-Community */; };
		BD1FAA292CC03A56005BE437 /* FirebaseInAppMessaging-Beta in Frameworks */ = {isa = PBXBuildFile; productRef = BD1FAA282CC03A56005BE437 /* FirebaseInAppMessaging-Beta */; };
		BD1FAA2B2CC03A56005BE437 /* FirebaseInAppMessagingSwift-Beta in Frameworks */ = {isa = PBXBuildFile; productRef = BD1FAA2A2CC03A56005BE437 /* FirebaseInAppMessagingSwift-Beta */; };
		BD1FAA2D2CC03A56005BE437 /* FirebaseInstallations in Frameworks */ = {isa = PBXBuildFile; productRef = BD1FAA2C2CC03A56005BE437 /* FirebaseInstallations */; };
		BD1FAA2F2CC03A56005BE437 /* FirebaseMLModelDownloader in Frameworks */ = {isa = PBXBuildFile; productRef = BD1FAA2E2CC03A56005BE437 /* FirebaseMLModelDownloader */; };
		BD1FAA312CC03A56005BE437 /* FirebaseMessaging in Frameworks */ = {isa = PBXBuildFile; productRef = BD1FAA302CC03A56005BE437 /* FirebaseMessaging */; };
		BD1FAA332CC03A56005BE437 /* FirebasePerformance in Frameworks */ = {isa = PBXBuildFile; productRef = BD1FAA322CC03A56005BE437 /* FirebasePerformance */; };
		BD1FAA352CC03A56005BE437 /* FirebaseRemoteConfig in Frameworks */ = {isa = PBXBuildFile; productRef = BD1FAA342CC03A56005BE437 /* FirebaseRemoteConfig */; };
		BD1FAA372CC03A56005BE437 /* FirebaseRemoteConfigSwift in Frameworks */ = {isa = PBXBuildFile; productRef = BD1FAA362CC03A56005BE437 /* FirebaseRemoteConfigSwift */; };
		BD1FAA392CC03A56005BE437 /* FirebaseStorage in Frameworks */ = {isa = PBXBuildFile; productRef = BD1FAA382CC03A56005BE437 /* FirebaseStorage */; };
		BD1FAA3B2CC03A56005BE437 /* FirebaseStorageCombine-Community in Frameworks */ = {isa = PBXBuildFile; productRef = BD1FAA3A2CC03A56005BE437 /* FirebaseStorageCombine-Community */; };
		BD2BE7382CC9B09E00C29BAB /* ImagenViewController.swift in Sources */ = {isa = PBXBuildFile; fileRef = BD2BE7372CC9B09E00C29BAB /* ImagenViewController.swift */; };
		BD6DBEE72CD2953600C564CB /* ElegirUsuarioViewController.swift in Sources */ = {isa = PBXBuildFile; fileRef = BD6DBEE62CD2953600C564CB /* ElegirUsuarioViewController.swift */; };
		BD7174722CD2A11B00EDC450 /* Usuario.swift in Sources */ = {isa = PBXBuildFile; fileRef = BD7174712CD2A11B00EDC450 /* Usuario.swift */; };
		BDFF75D72CC982BB00DD94D1 /* SnapsViewController.swift in Sources */ = {isa = PBXBuildFile; fileRef = BDFF75D62CC982BB00DD94D1 /* SnapsViewController.swift */; };
/* End PBXBuildFile section */

/* Begin PBXFileReference section */
		BD1FA9EC2CC032B0005BE437 /* AriasSnapchat.app */ = {isa = PBXFileReference; explicitFileType = wrapper.application; includeInIndex = 0; path = AriasSnapchat.app; sourceTree = BUILT_PRODUCTS_DIR; };
		BD1FA9EF2CC032B0005BE437 /* AppDelegate.swift */ = {isa = PBXFileReference; lastKnownFileType = sourcecode.swift; path = AppDelegate.swift; sourceTree = "<group>"; };
		BD1FA9F12CC032B0005BE437 /* SceneDelegate.swift */ = {isa = PBXFileReference; lastKnownFileType = sourcecode.swift; path = SceneDelegate.swift; sourceTree = "<group>"; };
		BD1FA9F32CC032B0005BE437 /* iniciarSesionViewController.swift */ = {isa = PBXFileReference; lastKnownFileType = sourcecode.swift; path = iniciarSesionViewController.swift; sourceTree = "<group>"; };
		BD1FA9F62CC032B0005BE437 /* Base */ = {isa = PBXFileReference; lastKnownFileType = file.storyboard; name = Base; path = Base.lproj/Main.storyboard; sourceTree = "<group>"; };
		BD1FA9F82CC032B2005BE437 /* Assets.xcassets */ = {isa = PBXFileReference; lastKnownFileType = folder.assetcatalog; path = Assets.xcassets; sourceTree = "<group>"; };
		BD1FA9FB2CC032B2005BE437 /* Base */ = {isa = PBXFileReference; lastKnownFileType = file.storyboard; name = Base; path = Base.lproj/LaunchScreen.storyboard; sourceTree = "<group>"; };
		BD1FA9FD2CC032B2005BE437 /* Info.plist */ = {isa = PBXFileReference; lastKnownFileType = text.plist.xml; path = Info.plist; sourceTree = "<group>"; };
		BD1FAA032CC0361C005BE437 /* GoogleService-Info.plist */ = {isa = PBXFileReference; fileEncoding = 4; lastKnownFileType = text.plist.xml; path = "GoogleService-Info.plist"; sourceTree = "<group>"; };
		BD2BE7372CC9B09E00C29BAB /* ImagenViewController.swift */ = {isa = PBXFileReference; lastKnownFileType = sourcecode.swift; name = ImagenViewController.swift; path = ../ImagenViewController.swift; sourceTree = "<group>"; };
		BD3AC9062CC95B7C0048246C /* AriasSnapchat.entitlements */ = {isa = PBXFileReference; lastKnownFileType = text.plist.entitlements; path = AriasSnapchat.entitlements; sourceTree = "<group>"; };
		BD6DBEE62CD2953600C564CB /* ElegirUsuarioViewController.swift */ = {isa = PBXFileReference; lastKnownFileType = sourcecode.swift; name = ElegirUsuarioViewController.swift; path = ../ElegirUsuarioViewController.swift; sourceTree = "<group>"; };
		BD7174712CD2A11B00EDC450 /* Usuario.swift */ = {isa = PBXFileReference; lastKnownFileType = sourcecode.swift; path = Usuario.swift; sourceTree = "<group>"; };
		BDFF75D62CC982BB00DD94D1 /* SnapsViewController.swift */ = {isa = PBXFileReference; lastKnownFileType = sourcecode.swift; path = SnapsViewController.swift; sourceTree = "<group>"; };
/* End PBXFileReference section */

/* Begin PBXFrameworksBuildPhase section */
		BD1FA9E92CC032AF005BE437 /* Frameworks */ = {
			isa = PBXFrameworksBuildPhase;
			buildActionMask = 2147483647;
			files = (
				BD1FAA192CC03A56005BE437 /* FirebaseDatabase in Frameworks */,
				BD1FAA272CC03A56005BE437 /* FirebaseFunctionsCombine-Community in Frameworks */,
				BD1FAA1F2CC03A56005BE437 /* FirebaseFirestore in Frameworks */,
				BD1FAA0B2CC03A56005BE437 /* FirebaseAnalyticsSwift in Frameworks */,
				BD1FAA072CC03A56005BE437 /* FirebaseAnalytics in Frameworks */,
				BD1FAA092CC03A56005BE437 /* FirebaseAnalyticsOnDeviceConversion in Frameworks */,
				BD1FAA2F2CC03A56005BE437 /* FirebaseMLModelDownloader in Frameworks */,
				BD1FAA232CC03A56005BE437 /* FirebaseFirestoreSwift in Frameworks */,
				BD1FAA0F2CC03A56005BE437 /* FirebaseAppCheck in Frameworks */,
				BD1FAA0D2CC03A56005BE437 /* FirebaseAnalyticsWithoutAdIdSupport in Frameworks */,
				BD1FAA132CC03A56005BE437 /* FirebaseAuth in Frameworks */,
				BD1FAA172CC03A56005BE437 /* FirebaseCrashlytics in Frameworks */,
				BD1FAA372CC03A56005BE437 /* FirebaseRemoteConfigSwift in Frameworks */,
				BD1FAA292CC03A56005BE437 /* FirebaseInAppMessaging-Beta in Frameworks */,
				BD1FAA1B2CC03A56005BE437 /* FirebaseDatabaseSwift in Frameworks */,
				BD1FAA252CC03A56005BE437 /* FirebaseFunctions in Frameworks */,
				BD1FAA3B2CC03A56005BE437 /* FirebaseStorageCombine-Community in Frameworks */,
				BD1FAA352CC03A56005BE437 /* FirebaseRemoteConfig in Frameworks */,
				BD1FAA112CC03A56005BE437 /* FirebaseAppDistribution-Beta in Frameworks */,
				BD1FAA152CC03A56005BE437 /* FirebaseAuthCombine-Community in Frameworks */,
				BD1FAA332CC03A56005BE437 /* FirebasePerformance in Frameworks */,
				BD1FAA2B2CC03A56005BE437 /* FirebaseInAppMessagingSwift-Beta in Frameworks */,
				BD1FAA392CC03A56005BE437 /* FirebaseStorage in Frameworks */,
				BD1FAA1D2CC03A56005BE437 /* FirebaseDynamicLinks in Frameworks */,
				BD1FAA212CC03A56005BE437 /* FirebaseFirestoreCombine-Community in Frameworks */,
				BD1FAA312CC03A56005BE437 /* FirebaseMessaging in Frameworks */,
				BD1FAA2D2CC03A56005BE437 /* FirebaseInstallations in Frameworks */,
			);
			runOnlyForDeploymentPostprocessing = 0;
		};
/* End PBXFrameworksBuildPhase section */

/* Begin PBXGroup section */
		BD1FA9E32CC032AF005BE437 = {
			isa = PBXGroup;
			children = (
				BD1FA9EE2CC032B0005BE437 /* AriasSnapchat */,
				BD1FA9ED2CC032B0005BE437 /* Products */,
			);
			sourceTree = "<group>";
		};
		BD1FA9ED2CC032B0005BE437 /* Products */ = {
			isa = PBXGroup;
			children = (
				BD1FA9EC2CC032B0005BE437 /* AriasSnapchat.app */,
			);
			name = Products;
			sourceTree = "<group>";
		};
		BD1FA9EE2CC032B0005BE437 /* AriasSnapchat */ = {
			isa = PBXGroup;
			children = (
				BD71746E2CD29FF400EDC450 /* Modelos */,
				BDA446F72CD29EBA007BC7BF /* ViewControllers */,
				BD3AC9062CC95B7C0048246C /* AriasSnapchat.entitlements */,
				BD1FA9EF2CC032B0005BE437 /* AppDelegate.swift */,
				BD1FA9F12CC032B0005BE437 /* SceneDelegate.swift */,
				BD1FA9F52CC032B0005BE437 /* Main.storyboard */,
				BD1FA9F82CC032B2005BE437 /* Assets.xcassets */,
				BD1FA9FA2CC032B2005BE437 /* LaunchScreen.storyboard */,
				BD1FA9FD2CC032B2005BE437 /* Info.plist */,
				BD1FAA032CC0361C005BE437 /* GoogleService-Info.plist */,
			);
			path = AriasSnapchat;
			sourceTree = "<group>";
		};
		BD71746E2CD29FF400EDC450 /* Modelos */ = {
			isa = PBXGroup;
			children = (
				BD7174712CD2A11B00EDC450 /* Usuario.swift */,
			);
			path = Modelos;
			sourceTree = "<group>";
		};
		BDA446F72CD29EBA007BC7BF /* ViewControllers */ = {
			isa = PBXGroup;
			children = (
				BD2BE7372CC9B09E00C29BAB /* ImagenViewController.swift */,
				BD6DBEE62CD2953600C564CB /* ElegirUsuarioViewController.swift */,
				BDFF75D62CC982BB00DD94D1 /* SnapsViewController.swift */,
				BD1FA9F32CC032B0005BE437 /* iniciarSesionViewController.swift */,
			);
			path = ViewControllers;
			sourceTree = "<group>";
		};
/* End PBXGroup section */

/* Begin PBXNativeTarget section */
		BD1FA9EB2CC032AF005BE437 /* AriasSnapchat */ = {
			isa = PBXNativeTarget;
			buildConfigurationList = BD1FAA002CC032B2005BE437 /* Build configuration list for PBXNativeTarget "AriasSnapchat" */;
			buildPhases = (
				BD1FA9E82CC032AF005BE437 /* Sources */,
				BD1FA9E92CC032AF005BE437 /* Frameworks */,
				BD1FA9EA2CC032AF005BE437 /* Resources */,
			);
			buildRules = (
			);
			dependencies = (
			);
			name = AriasSnapchat;
			packageProductDependencies = (
				BD1FAA062CC03A56005BE437 /* FirebaseAnalytics */,
				BD1FAA082CC03A56005BE437 /* FirebaseAnalyticsOnDeviceConversion */,
				BD1FAA0A2CC03A56005BE437 /* FirebaseAnalyticsSwift */,
				BD1FAA0C2CC03A56005BE437 /* FirebaseAnalyticsWithoutAdIdSupport */,
				BD1FAA0E2CC03A56005BE437 /* FirebaseAppCheck */,
				BD1FAA102CC03A56005BE437 /* FirebaseAppDistribution-Beta */,
				BD1FAA122CC03A56005BE437 /* FirebaseAuth */,
				BD1FAA142CC03A56005BE437 /* FirebaseAuthCombine-Community */,
				BD1FAA162CC03A56005BE437 /* FirebaseCrashlytics */,
				BD1FAA182CC03A56005BE437 /* FirebaseDatabase */,
				BD1FAA1A2CC03A56005BE437 /* FirebaseDatabaseSwift */,
				BD1FAA1C2CC03A56005BE437 /* FirebaseDynamicLinks */,
				BD1FAA1E2CC03A56005BE437 /* FirebaseFirestore */,
				BD1FAA202CC03A56005BE437 /* FirebaseFirestoreCombine-Community */,
				BD1FAA222CC03A56005BE437 /* FirebaseFirestoreSwift */,
				BD1FAA242CC03A56005BE437 /* FirebaseFunctions */,
				BD1FAA262CC03A56005BE437 /* FirebaseFunctionsCombine-Community */,
				BD1FAA282CC03A56005BE437 /* FirebaseInAppMessaging-Beta */,
				BD1FAA2A2CC03A56005BE437 /* FirebaseInAppMessagingSwift-Beta */,
				BD1FAA2C2CC03A56005BE437 /* FirebaseInstallations */,
				BD1FAA2E2CC03A56005BE437 /* FirebaseMLModelDownloader */,
				BD1FAA302CC03A56005BE437 /* FirebaseMessaging */,
				BD1FAA322CC03A56005BE437 /* FirebasePerformance */,
				BD1FAA342CC03A56005BE437 /* FirebaseRemoteConfig */,
				BD1FAA362CC03A56005BE437 /* FirebaseRemoteConfigSwift */,
				BD1FAA382CC03A56005BE437 /* FirebaseStorage */,
				BD1FAA3A2CC03A56005BE437 /* FirebaseStorageCombine-Community */,
			);
			productName = AriasSnapchat;
			productReference = BD1FA9EC2CC032B0005BE437 /* AriasSnapchat.app */;
			productType = "com.apple.product-type.application";
		};
/* End PBXNativeTarget section */

/* Begin PBXProject section */
		BD1FA9E42CC032AF005BE437 /* Project object */ = {
			isa = PBXProject;
			attributes = {
				BuildIndependentTargetsInParallel = 1;
				LastSwiftUpdateCheck = 1340;
				LastUpgradeCheck = 1340;
				TargetAttributes = {
					BD1FA9EB2CC032AF005BE437 = {
						CreatedOnToolsVersion = 13.4;
					};
				};
			};
			buildConfigurationList = BD1FA9E72CC032AF005BE437 /* Build configuration list for PBXProject "AriasSnapchat" */;
			compatibilityVersion = "Xcode 13.0";
			developmentRegion = en;
			hasScannedForEncodings = 0;
			knownRegions = (
				en,
				Base,
			);
			mainGroup = BD1FA9E32CC032AF005BE437;
			packageReferences = (
				BD1FAA052CC03A55005BE437 /* XCRemoteSwiftPackageReference "firebase-ios-sdk" */,
			);
			productRefGroup = BD1FA9ED2CC032B0005BE437 /* Products */;
			projectDirPath = "";
			projectRoot = "";
			targets = (
				BD1FA9EB2CC032AF005BE437 /* AriasSnapchat */,
			);
		};
/* End PBXProject section */

/* Begin PBXResourcesBuildPhase section */
		BD1FA9EA2CC032AF005BE437 /* Resources */ = {
			isa = PBXResourcesBuildPhase;
			buildActionMask = 2147483647;
			files = (
				BD1FA9FC2CC032B2005BE437 /* LaunchScreen.storyboard in Resources */,
				BD1FAA042CC0361C005BE437 /* GoogleService-Info.plist in Resources */,
				BD1FA9F92CC032B2005BE437 /* Assets.xcassets in Resources */,
				BD1FA9F72CC032B0005BE437 /* Main.storyboard in Resources */,
			);
			runOnlyForDeploymentPostprocessing = 0;
		};
/* End PBXResourcesBuildPhase section */

/* Begin PBXSourcesBuildPhase section */
		BD1FA9E82CC032AF005BE437 /* Sources */ = {
			isa = PBXSourcesBuildPhase;
			buildActionMask = 2147483647;
			files = (
				BDFF75D72CC982BB00DD94D1 /* SnapsViewController.swift in Sources */,
				BD2BE7382CC9B09E00C29BAB /* ImagenViewController.swift in Sources */,
				BD7174722CD2A11B00EDC450 /* Usuario.swift in Sources */,
				BD1FA9F42CC032B0005BE437 /* iniciarSesionViewController.swift in Sources */,
				BD1FA9F02CC032B0005BE437 /* AppDelegate.swift in Sources */,
				BD1FA9F22CC032B0005BE437 /* SceneDelegate.swift in Sources */,
				BD6DBEE72CD2953600C564CB /* ElegirUsuarioViewController.swift in Sources */,
			);
			runOnlyForDeploymentPostprocessing = 0;
		};
/* End PBXSourcesBuildPhase section */

/* Begin PBXVariantGroup section */
		BD1FA9F52CC032B0005BE437 /* Main.storyboard */ = {
			isa = PBXVariantGroup;
			children = (
				BD1FA9F62CC032B0005BE437 /* Base */,
			);
			name = Main.storyboard;
			sourceTree = "<group>";
		};
		BD1FA9FA2CC032B2005BE437 /* LaunchScreen.storyboard */ = {
			isa = PBXVariantGroup;
			children = (
				BD1FA9FB2CC032B2005BE437 /* Base */,
			);
			name = LaunchScreen.storyboard;
			sourceTree = "<group>";
		};
/* End PBXVariantGroup section */

/* Begin XCBuildConfiguration section */
		BD1FA9FE2CC032B2005BE437 /* Debug */ = {
			isa = XCBuildConfiguration;
			buildSettings = {
				ALWAYS_SEARCH_USER_PATHS = NO;
				CLANG_ANALYZER_NONNULL = YES;
				CLANG_ANALYZER_NUMBER_OBJECT_CONVERSION = YES_AGGRESSIVE;
				CLANG_CXX_LANGUAGE_STANDARD = "gnu++17";
				CLANG_ENABLE_MODULES = YES;
				CLANG_ENABLE_OBJC_ARC = YES;
				CLANG_ENABLE_OBJC_WEAK = YES;
				CLANG_WARN_BLOCK_CAPTURE_AUTORELEASING = YES;
				CLANG_WARN_BOOL_CONVERSION = YES;
				CLANG_WARN_COMMA = YES;
				CLANG_WARN_CONSTANT_CONVERSION = YES;
				CLANG_WARN_DEPRECATED_OBJC_IMPLEMENTATIONS = YES;
				CLANG_WARN_DIRECT_OBJC_ISA_USAGE = YES_ERROR;
				CLANG_WARN_DOCUMENTATION_COMMENTS = YES;
				CLANG_WARN_EMPTY_BODY = YES;
				CLANG_WARN_ENUM_CONVERSION = YES;
				CLANG_WARN_INFINITE_RECURSION = YES;
				CLANG_WARN_INT_CONVERSION = YES;
				CLANG_WARN_NON_LITERAL_NULL_CONVERSION = YES;
				CLANG_WARN_OBJC_IMPLICIT_RETAIN_SELF = YES;
				CLANG_WARN_OBJC_LITERAL_CONVERSION = YES;
				CLANG_WARN_OBJC_ROOT_CLASS = YES_ERROR;
				CLANG_WARN_QUOTED_INCLUDE_IN_FRAMEWORK_HEADER = YES;
				CLANG_WARN_RANGE_LOOP_ANALYSIS = YES;
				CLANG_WARN_STRICT_PROTOTYPES = YES;
				CLANG_WARN_SUSPICIOUS_MOVE = YES;
				CLANG_WARN_UNGUARDED_AVAILABILITY = YES_AGGRESSIVE;
				CLANG_WARN_UNREACHABLE_CODE = YES;
				CLANG_WARN__DUPLICATE_METHOD_MATCH = YES;
				COPY_PHASE_STRIP = NO;
				DEBUG_INFORMATION_FORMAT = dwarf;
				ENABLE_STRICT_OBJC_MSGSEND = YES;
				ENABLE_TESTABILITY = YES;
				GCC_C_LANGUAGE_STANDARD = gnu11;
				GCC_DYNAMIC_NO_PIC = NO;
				GCC_NO_COMMON_BLOCKS = YES;
				GCC_OPTIMIZATION_LEVEL = 0;
				GCC_PREPROCESSOR_DEFINITIONS = (
					"DEBUG=1",
					"$(inherited)",
				);
				GCC_WARN_64_TO_32_BIT_CONVERSION = YES;
				GCC_WARN_ABOUT_RETURN_TYPE = YES_ERROR;
				GCC_WARN_UNDECLARED_SELECTOR = YES;
				GCC_WARN_UNINITIALIZED_AUTOS = YES_AGGRESSIVE;
				GCC_WARN_UNUSED_FUNCTION = YES;
				GCC_WARN_UNUSED_VARIABLE = YES;
				IPHONEOS_DEPLOYMENT_TARGET = 15.5;
				MTL_ENABLE_DEBUG_INFO = INCLUDE_SOURCE;
				MTL_FAST_MATH = YES;
				ONLY_ACTIVE_ARCH = YES;
				SDKROOT = iphoneos;
				SWIFT_ACTIVE_COMPILATION_CONDITIONS = DEBUG;
				SWIFT_OPTIMIZATION_LEVEL = "-Onone";
			};
			name = Debug;
		};
		BD1FA9FF2CC032B2005BE437 /* Release */ = {
			isa = XCBuildConfiguration;
			buildSettings = {
				ALWAYS_SEARCH_USER_PATHS = NO;
				CLANG_ANALYZER_NONNULL = YES;
				CLANG_ANALYZER_NUMBER_OBJECT_CONVERSION = YES_AGGRESSIVE;
				CLANG_CXX_LANGUAGE_STANDARD = "gnu++17";
				CLANG_ENABLE_MODULES = YES;
				CLANG_ENABLE_OBJC_ARC = YES;
				CLANG_ENABLE_OBJC_WEAK = YES;
				CLANG_WARN_BLOCK_CAPTURE_AUTORELEASING = YES;
				CLANG_WARN_BOOL_CONVERSION = YES;
				CLANG_WARN_COMMA = YES;
				CLANG_WARN_CONSTANT_CONVERSION = YES;
				CLANG_WARN_DEPRECATED_OBJC_IMPLEMENTATIONS = YES;
				CLANG_WARN_DIRECT_OBJC_ISA_USAGE = YES_ERROR;
				CLANG_WARN_DOCUMENTATION_COMMENTS = YES;
				CLANG_WARN_EMPTY_BODY = YES;
				CLANG_WARN_ENUM_CONVERSION = YES;
				CLANG_WARN_INFINITE_RECURSION = YES;
				CLANG_WARN_INT_CONVERSION = YES;
				CLANG_WARN_NON_LITERAL_NULL_CONVERSION = YES;
				CLANG_WARN_OBJC_IMPLICIT_RETAIN_SELF = YES;
				CLANG_WARN_OBJC_LITERAL_CONVERSION = YES;
				CLANG_WARN_OBJC_ROOT_CLASS = YES_ERROR;
				CLANG_WARN_QUOTED_INCLUDE_IN_FRAMEWORK_HEADER = YES;
				CLANG_WARN_RANGE_LOOP_ANALYSIS = YES;
				CLANG_WARN_STRICT_PROTOTYPES = YES;
				CLANG_WARN_SUSPICIOUS_MOVE = YES;
				CLANG_WARN_UNGUARDED_AVAILABILITY = YES_AGGRESSIVE;
				CLANG_WARN_UNREACHABLE_CODE = YES;
				CLANG_WARN__DUPLICATE_METHOD_MATCH = YES;
				COPY_PHASE_STRIP = NO;
				DEBUG_INFORMATION_FORMAT = "dwarf-with-dsym";
				ENABLE_NS_ASSERTIONS = NO;
				ENABLE_STRICT_OBJC_MSGSEND = YES;
				GCC_C_LANGUAGE_STANDARD = gnu11;
				GCC_NO_COMMON_BLOCKS = YES;
				GCC_WARN_64_TO_32_BIT_CONVERSION = YES;
				GCC_WARN_ABOUT_RETURN_TYPE = YES_ERROR;
				GCC_WARN_UNDECLARED_SELECTOR = YES;
				GCC_WARN_UNINITIALIZED_AUTOS = YES_AGGRESSIVE;
				GCC_WARN_UNUSED_FUNCTION = YES;
				GCC_WARN_UNUSED_VARIABLE = YES;
				IPHONEOS_DEPLOYMENT_TARGET = 15.5;
				MTL_ENABLE_DEBUG_INFO = NO;
				MTL_FAST_MATH = YES;
				SDKROOT = iphoneos;
				SWIFT_COMPILATION_MODE = wholemodule;
				SWIFT_OPTIMIZATION_LEVEL = "-O";
				VALIDATE_PRODUCT = YES;
			};
			name = Release;
		};
		BD1FAA012CC032B2005BE437 /* Debug */ = {
			isa = XCBuildConfiguration;
			buildSettings = {
				ASSETCATALOG_COMPILER_APPICON_NAME = AppIcon;
				ASSETCATALOG_COMPILER_GLOBAL_ACCENT_COLOR_NAME = AccentColor;
				CODE_SIGN_ENTITLEMENTS = AriasSnapchat/AriasSnapchat.entitlements;
				CODE_SIGN_IDENTITY = "Apple Development";
				CODE_SIGN_STYLE = Automatic;
				CURRENT_PROJECT_VERSION = 1;
				DEVELOPMENT_TEAM = "";
				GENERATE_INFOPLIST_FILE = YES;
				INFOPLIST_FILE = AriasSnapchat/Info.plist;
				INFOPLIST_KEY_UIApplicationSupportsIndirectInputEvents = YES;
				INFOPLIST_KEY_UILaunchStoryboardName = LaunchScreen;
				INFOPLIST_KEY_UIMainStoryboardFile = Main;
				INFOPLIST_KEY_UISupportedInterfaceOrientations_iPad = "UIInterfaceOrientationPortrait UIInterfaceOrientationPortraitUpsideDown UIInterfaceOrientationLandscapeLeft UIInterfaceOrientationLandscapeRight";
				INFOPLIST_KEY_UISupportedInterfaceOrientations_iPhone = "UIInterfaceOrientationPortrait UIInterfaceOrientationLandscapeLeft UIInterfaceOrientationLandscapeRight";
				LD_RUNPATH_SEARCH_PATHS = (
					"$(inherited)",
					"@executable_path/Frameworks",
				);
				MARKETING_VERSION = 1.0;
				PRODUCT_BUNDLE_IDENTIFIER = deah.com.AriasSnapchat;
				PRODUCT_NAME = "$(TARGET_NAME)";
				PROVISIONING_PROFILE_SPECIFIER = "";
				SWIFT_EMIT_LOC_STRINGS = YES;
				SWIFT_VERSION = 5.0;
				TARGETED_DEVICE_FAMILY = "1,2";
			};
			name = Debug;
		};
		BD1FAA022CC032B2005BE437 /* Release */ = {
			isa = XCBuildConfiguration;
			buildSettings = {
				ASSETCATALOG_COMPILER_APPICON_NAME = AppIcon;
				ASSETCATALOG_COMPILER_GLOBAL_ACCENT_COLOR_NAME = AccentColor;
				CODE_SIGN_ENTITLEMENTS = AriasSnapchat/AriasSnapchat.entitlements;
				CODE_SIGN_IDENTITY = "Apple Development";
				CODE_SIGN_STYLE = Automatic;
				CURRENT_PROJECT_VERSION = 1;
				DEVELOPMENT_TEAM = "";
				GENERATE_INFOPLIST_FILE = YES;
				INFOPLIST_FILE = AriasSnapchat/Info.plist;
				INFOPLIST_KEY_UIApplicationSupportsIndirectInputEvents = YES;
				INFOPLIST_KEY_UILaunchStoryboardName = LaunchScreen;
				INFOPLIST_KEY_UIMainStoryboardFile = Main;
				INFOPLIST_KEY_UISupportedInterfaceOrientations_iPad = "UIInterfaceOrientationPortrait UIInterfaceOrientationPortraitUpsideDown UIInterfaceOrientationLandscapeLeft UIInterfaceOrientationLandscapeRight";
				INFOPLIST_KEY_UISupportedInterfaceOrientations_iPhone = "UIInterfaceOrientationPortrait UIInterfaceOrientationLandscapeLeft UIInterfaceOrientationLandscapeRight";
				LD_RUNPATH_SEARCH_PATHS = (
					"$(inherited)",
					"@executable_path/Frameworks",
				);
				MARKETING_VERSION = 1.0;
				PRODUCT_BUNDLE_IDENTIFIER = deah.com.AriasSnapchat;
				PRODUCT_NAME = "$(TARGET_NAME)";
				PROVISIONING_PROFILE_SPECIFIER = "";
				SWIFT_EMIT_LOC_STRINGS = YES;
				SWIFT_VERSION = 5.0;
				TARGETED_DEVICE_FAMILY = "1,2";
			};
			name = Release;
		};
/* End XCBuildConfiguration section */

/* Begin XCConfigurationList section */
		BD1FA9E72CC032AF005BE437 /* Build configuration list for PBXProject "AriasSnapchat" */ = {
			isa = XCConfigurationList;
			buildConfigurations = (
				BD1FA9FE2CC032B2005BE437 /* Debug */,
				BD1FA9FF2CC032B2005BE437 /* Release */,
			);
			defaultConfigurationIsVisible = 0;
			defaultConfigurationName = Release;
		};
		BD1FAA002CC032B2005BE437 /* Build configuration list for PBXNativeTarget "AriasSnapchat" */ = {
			isa = XCConfigurationList;
			buildConfigurations = (
				BD1FAA012CC032B2005BE437 /* Debug */,
				BD1FAA022CC032B2005BE437 /* Release */,
			);
			defaultConfigurationIsVisible = 0;
			defaultConfigurationName = Release;
		};
/* End XCConfigurationList section */

/* Begin XCRemoteSwiftPackageReference section */
		BD1FAA052CC03A55005BE437 /* XCRemoteSwiftPackageReference "firebase-ios-sdk" */ = {
			isa = XCRemoteSwiftPackageReference;
			repositoryURL = "https://github.com/firebase/firebase-ios-sdk";
			requirement = {
				kind = versionRange;
				maximumVersion = 10.0.0;
				minimumVersion = 9.0.0;
			};
		};
/* End XCRemoteSwiftPackageReference section */

/* Begin XCSwiftPackageProductDependency section */
		BD1FAA062CC03A56005BE437 /* FirebaseAnalytics */ = {
			isa = XCSwiftPackageProductDependency;
			package = BD1FAA052CC03A55005BE437 /* XCRemoteSwiftPackageReference "firebase-ios-sdk" */;
			productName = FirebaseAnalytics;
		};
		BD1FAA082CC03A56005BE437 /* FirebaseAnalyticsOnDeviceConversion */ = {
			isa = XCSwiftPackageProductDependency;
			package = BD1FAA052CC03A55005BE437 /* XCRemoteSwiftPackageReference "firebase-ios-sdk" */;
			productName = FirebaseAnalyticsOnDeviceConversion;
		};
		BD1FAA0A2CC03A56005BE437 /* FirebaseAnalyticsSwift */ = {
			isa = XCSwiftPackageProductDependency;
			package = BD1FAA052CC03A55005BE437 /* XCRemoteSwiftPackageReference "firebase-ios-sdk" */;
			productName = FirebaseAnalyticsSwift;
		};
		BD1FAA0C2CC03A56005BE437 /* FirebaseAnalyticsWithoutAdIdSupport */ = {
			isa = XCSwiftPackageProductDependency;
			package = BD1FAA052CC03A55005BE437 /* XCRemoteSwiftPackageReference "firebase-ios-sdk" */;
			productName = FirebaseAnalyticsWithoutAdIdSupport;
		};
		BD1FAA0E2CC03A56005BE437 /* FirebaseAppCheck */ = {
			isa = XCSwiftPackageProductDependency;
			package = BD1FAA052CC03A55005BE437 /* XCRemoteSwiftPackageReference "firebase-ios-sdk" */;
			productName = FirebaseAppCheck;
		};
		BD1FAA102CC03A56005BE437 /* FirebaseAppDistribution-Beta */ = {
			isa = XCSwiftPackageProductDependency;
			package = BD1FAA052CC03A55005BE437 /* XCRemoteSwiftPackageReference "firebase-ios-sdk" */;
			productName = "FirebaseAppDistribution-Beta";
		};
		BD1FAA122CC03A56005BE437 /* FirebaseAuth */ = {
			isa = XCSwiftPackageProductDependency;
			package = BD1FAA052CC03A55005BE437 /* XCRemoteSwiftPackageReference "firebase-ios-sdk" */;
			productName = FirebaseAuth;
		};
		BD1FAA142CC03A56005BE437 /* FirebaseAuthCombine-Community */ = {
			isa = XCSwiftPackageProductDependency;
			package = BD1FAA052CC03A55005BE437 /* XCRemoteSwiftPackageReference "firebase-ios-sdk" */;
			productName = "FirebaseAuthCombine-Community";
		};
		BD1FAA162CC03A56005BE437 /* FirebaseCrashlytics */ = {
			isa = XCSwiftPackageProductDependency;
			package = BD1FAA052CC03A55005BE437 /* XCRemoteSwiftPackageReference "firebase-ios-sdk" */;
			productName = FirebaseCrashlytics;
		};
		BD1FAA182CC03A56005BE437 /* FirebaseDatabase */ = {
			isa = XCSwiftPackageProductDependency;
			package = BD1FAA052CC03A55005BE437 /* XCRemoteSwiftPackageReference "firebase-ios-sdk" */;
			productName = FirebaseDatabase;
		};
		BD1FAA1A2CC03A56005BE437 /* FirebaseDatabaseSwift */ = {
			isa = XCSwiftPackageProductDependency;
			package = BD1FAA052CC03A55005BE437 /* XCRemoteSwiftPackageReference "firebase-ios-sdk" */;
			productName = FirebaseDatabaseSwift;
		};
		BD1FAA1C2CC03A56005BE437 /* FirebaseDynamicLinks */ = {
			isa = XCSwiftPackageProductDependency;
			package = BD1FAA052CC03A55005BE437 /* XCRemoteSwiftPackageReference "firebase-ios-sdk" */;
			productName = FirebaseDynamicLinks;
		};
		BD1FAA1E2CC03A56005BE437 /* FirebaseFirestore */ = {
			isa = XCSwiftPackageProductDependency;
			package = BD1FAA052CC03A55005BE437 /* XCRemoteSwiftPackageReference "firebase-ios-sdk" */;
			productName = FirebaseFirestore;
		};
		BD1FAA202CC03A56005BE437 /* FirebaseFirestoreCombine-Community */ = {
			isa = XCSwiftPackageProductDependency;
			package = BD1FAA052CC03A55005BE437 /* XCRemoteSwiftPackageReference "firebase-ios-sdk" */;
			productName = "FirebaseFirestoreCombine-Community";
		};
		BD1FAA222CC03A56005BE437 /* FirebaseFirestoreSwift */ = {
			isa = XCSwiftPackageProductDependency;
			package = BD1FAA052CC03A55005BE437 /* XCRemoteSwiftPackageReference "firebase-ios-sdk" */;
			productName = FirebaseFirestoreSwift;
		};
		BD1FAA242CC03A56005BE437 /* FirebaseFunctions */ = {
			isa = XCSwiftPackageProductDependency;
			package = BD1FAA052CC03A55005BE437 /* XCRemoteSwiftPackageReference "firebase-ios-sdk" */;
			productName = FirebaseFunctions;
		};
		BD1FAA262CC03A56005BE437 /* FirebaseFunctionsCombine-Community */ = {
			isa = XCSwiftPackageProductDependency;
			package = BD1FAA052CC03A55005BE437 /* XCRemoteSwiftPackageReference "firebase-ios-sdk" */;
			productName = "FirebaseFunctionsCombine-Community";
		};
		BD1FAA282CC03A56005BE437 /* FirebaseInAppMessaging-Beta */ = {
			isa = XCSwiftPackageProductDependency;
			package = BD1FAA052CC03A55005BE437 /* XCRemoteSwiftPackageReference "firebase-ios-sdk" */;
			productName = "FirebaseInAppMessaging-Beta";
		};
		BD1FAA2A2CC03A56005BE437 /* FirebaseInAppMessagingSwift-Beta */ = {
			isa = XCSwiftPackageProductDependency;
			package = BD1FAA052CC03A55005BE437 /* XCRemoteSwiftPackageReference "firebase-ios-sdk" */;
			productName = "FirebaseInAppMessagingSwift-Beta";
		};
		BD1FAA2C2CC03A56005BE437 /* FirebaseInstallations */ = {
			isa = XCSwiftPackageProductDependency;
			package = BD1FAA052CC03A55005BE437 /* XCRemoteSwiftPackageReference "firebase-ios-sdk" */;
			productName = FirebaseInstallations;
		};
		BD1FAA2E2CC03A56005BE437 /* FirebaseMLModelDownloader */ = {
			isa = XCSwiftPackageProductDependency;
			package = BD1FAA052CC03A55005BE437 /* XCRemoteSwiftPackageReference "firebase-ios-sdk" */;
			productName = FirebaseMLModelDownloader;
		};
		BD1FAA302CC03A56005BE437 /* FirebaseMessaging */ = {
			isa = XCSwiftPackageProductDependency;
			package = BD1FAA052CC03A55005BE437 /* XCRemoteSwiftPackageReference "firebase-ios-sdk" */;
			productName = FirebaseMessaging;
		};
		BD1FAA322CC03A56005BE437 /* FirebasePerformance */ = {
			isa = XCSwiftPackageProductDependency;
			package = BD1FAA052CC03A55005BE437 /* XCRemoteSwiftPackageReference "firebase-ios-sdk" */;
			productName = FirebasePerformance;
		};
		BD1FAA342CC03A56005BE437 /* FirebaseRemoteConfig */ = {
			isa = XCSwiftPackageProductDependency;
			package = BD1FAA052CC03A55005BE437 /* XCRemoteSwiftPackageReference "firebase-ios-sdk" */;
			productName = FirebaseRemoteConfig;
		};
		BD1FAA362CC03A56005BE437 /* FirebaseRemoteConfigSwift */ = {
			isa = XCSwiftPackageProductDependency;
			package = BD1FAA052CC03A55005BE437 /* XCRemoteSwiftPackageReference "firebase-ios-sdk" */;
			productName = FirebaseRemoteConfigSwift;
		};
		BD1FAA382CC03A56005BE437 /* FirebaseStorage */ = {
			isa = XCSwiftPackageProductDependency;
			package = BD1FAA052CC03A55005BE437 /* XCRemoteSwiftPackageReference "firebase-ios-sdk" */;
			productName = FirebaseStorage;
		};
		BD1FAA3A2CC03A56005BE437 /* FirebaseStorageCombine-Community */ = {
			isa = XCSwiftPackageProductDependency;
			package = BD1FAA052CC03A55005BE437 /* XCRemoteSwiftPackageReference "firebase-ios-sdk" */;
			productName = "FirebaseStorageCombine-Community";
		};
/* End XCSwiftPackageProductDependency section */
	};
	rootObject = BD1FA9E42CC032AF005BE437 /* Project object */;
}
